// !$*UTF8*$!
{
	archiveVersion = 1;
	classes = {
	};
	objectVersion = 56;
	objects = {

/* Begin PBXBuildFile section */
		215A25622C9485EA0013023E /* WidgetsIntegrationApp.swift in Sources */ = {isa = PBXBuildFile; fileRef = 215A25612C9485EA0013023E /* WidgetsIntegrationApp.swift */; };
		215A25642C9485EA0013023E /* MainView.swift in Sources */ = {isa = PBXBuildFile; fileRef = 215A25632C9485EA0013023E /* MainView.swift */; };
		215A25662C9485EB0013023E /* Assets.xcassets in Resources */ = {isa = PBXBuildFile; fileRef = 215A25652C9485EB0013023E /* Assets.xcassets */; };
		215A25692C9485EB0013023E /* Preview Assets.xcassets in Resources */ = {isa = PBXBuildFile; fileRef = 215A25682C9485EB0013023E /* Preview Assets.xcassets */; };
		215A25712C94861A0013023E /* GliaWidgets in Frameworks */ = {isa = PBXBuildFile; productRef = 215A25702C94861A0013023E /* GliaWidgets */; };
		215A25732C94861A0013023E /* GliaWidgetsXcf in Frameworks */ = {isa = PBXBuildFile; productRef = 215A25722C94861A0013023E /* GliaWidgetsXcf */; };
		215A25752C94872E0013023E /* MainInteractor.swift in Sources */ = {isa = PBXBuildFile; fileRef = 215A25742C94872E0013023E /* MainInteractor.swift */; };
		215A25772C94875C0013023E /* AppDelegate.swift in Sources */ = {isa = PBXBuildFile; fileRef = 215A25762C94875C0013023E /* AppDelegate.swift */; };
		215A25792C9982B20013023E /* EngagementsService.swift in Sources */ = {isa = PBXBuildFile; fileRef = 215A25782C9982B20013023E /* EngagementsService.swift */; };
		215A257E2C999BA20013023E /* AuthenticationService.swift in Sources */ = {isa = PBXBuildFile; fileRef = 215A257D2C999BA20013023E /* AuthenticationService.swift */; };
		215A25802C9AE7650013023E /* Credentials.swift in Sources */ = {isa = PBXBuildFile; fileRef = 215A257F2C9AE7650013023E /* Credentials.swift */; };
		215A25842C9BFEC40013023E /* Color+Extension.swift in Sources */ = {isa = PBXBuildFile; fileRef = 215A25832C9BFEC40013023E /* Color+Extension.swift */; };
		215A25862C9C12DE0013023E /* GliaCredentials.swift in Sources */ = {isa = PBXBuildFile; fileRef = 215A25852C9C12DE0013023E /* GliaCredentials.swift */; };
/* End PBXBuildFile section */

/* Begin PBXFileReference section */
		215A255E2C9485EA0013023E /* WidgetsIntegration.app */ = {isa = PBXFileReference; explicitFileType = wrapper.application; includeInIndex = 0; path = WidgetsIntegration.app; sourceTree = BUILT_PRODUCTS_DIR; };
		215A25612C9485EA0013023E /* WidgetsIntegrationApp.swift */ = {isa = PBXFileReference; lastKnownFileType = sourcecode.swift; path = WidgetsIntegrationApp.swift; sourceTree = "<group>"; };
		215A25632C9485EA0013023E /* MainView.swift */ = {isa = PBXFileReference; lastKnownFileType = sourcecode.swift; path = MainView.swift; sourceTree = "<group>"; };
		215A25652C9485EB0013023E /* Assets.xcassets */ = {isa = PBXFileReference; lastKnownFileType = folder.assetcatalog; path = Assets.xcassets; sourceTree = "<group>"; };
		215A25682C9485EB0013023E /* Preview Assets.xcassets */ = {isa = PBXFileReference; lastKnownFileType = folder.assetcatalog; path = "Preview Assets.xcassets"; sourceTree = "<group>"; };
		215A25742C94872E0013023E /* MainInteractor.swift */ = {isa = PBXFileReference; lastKnownFileType = sourcecode.swift; path = MainInteractor.swift; sourceTree = "<group>"; };
		215A25762C94875C0013023E /* AppDelegate.swift */ = {isa = PBXFileReference; lastKnownFileType = sourcecode.swift; path = AppDelegate.swift; sourceTree = "<group>"; };
		215A25782C9982B20013023E /* EngagementsService.swift */ = {isa = PBXFileReference; lastKnownFileType = sourcecode.swift; path = EngagementsService.swift; sourceTree = "<group>"; };
		215A257D2C999BA20013023E /* AuthenticationService.swift */ = {isa = PBXFileReference; lastKnownFileType = sourcecode.swift; path = AuthenticationService.swift; sourceTree = "<group>"; };
		215A257F2C9AE7650013023E /* Credentials.swift */ = {isa = PBXFileReference; lastKnownFileType = sourcecode.swift; path = Credentials.swift; sourceTree = "<group>"; };
		215A25832C9BFEC40013023E /* Color+Extension.swift */ = {isa = PBXFileReference; lastKnownFileType = sourcecode.swift; path = "Color+Extension.swift"; sourceTree = "<group>"; };
		215A25852C9C12DE0013023E /* GliaCredentials.swift */ = {isa = PBXFileReference; lastKnownFileType = sourcecode.swift; path = GliaCredentials.swift; sourceTree = "<group>"; };
/* End PBXFileReference section */

/* Begin PBXFrameworksBuildPhase section */
		215A255B2C9485EA0013023E /* Frameworks */ = {
			isa = PBXFrameworksBuildPhase;
			buildActionMask = 2147483647;
			files = (
				215A25712C94861A0013023E /* GliaWidgets in Frameworks */,
				215A25732C94861A0013023E /* GliaWidgetsXcf in Frameworks */,
			);
			runOnlyForDeploymentPostprocessing = 0;
		};
/* End PBXFrameworksBuildPhase section */

/* Begin PBXGroup section */
		215A25552C9485EA0013023E = {
			isa = PBXGroup;
			children = (
				215A25602C9485EA0013023E /* WidgetsIntegration */,
				215A255F2C9485EA0013023E /* Products */,
			);
			sourceTree = "<group>";
		};
		215A255F2C9485EA0013023E /* Products */ = {
			isa = PBXGroup;
			children = (
				215A255E2C9485EA0013023E /* WidgetsIntegration.app */,
			);
			name = Products;
			sourceTree = "<group>";
		};
		215A25602C9485EA0013023E /* WidgetsIntegration */ = {
			isa = PBXGroup;
			children = (
				215A25822C9BF2A00013023E /* UI */,
				215A25812C9BF28F0013023E /* Services */,
				215A25612C9485EA0013023E /* WidgetsIntegrationApp.swift */,
				215A25762C94875C0013023E /* AppDelegate.swift */,
				215A257F2C9AE7650013023E /* Credentials.swift */,
				215A25852C9C12DE0013023E /* GliaCredentials.swift */,
				215A25832C9BFEC40013023E /* Color+Extension.swift */,
				215A25652C9485EB0013023E /* Assets.xcassets */,
				215A25672C9485EB0013023E /* Preview Content */,
			);
			path = WidgetsIntegration;
			sourceTree = "<group>";
		};
		215A25672C9485EB0013023E /* Preview Content */ = {
			isa = PBXGroup;
			children = (
				215A25682C9485EB0013023E /* Preview Assets.xcassets */,
			);
			path = "Preview Content";
			sourceTree = "<group>";
		};
		215A25812C9BF28F0013023E /* Services */ = {
			isa = PBXGroup;
			children = (
				215A25782C9982B20013023E /* EngagementsService.swift */,
				215A257D2C999BA20013023E /* AuthenticationService.swift */,
			);
			path = Services;
			sourceTree = "<group>";
		};
		215A25822C9BF2A00013023E /* UI */ = {
			isa = PBXGroup;
			children = (
				215A25632C9485EA0013023E /* MainView.swift */,
				215A25742C94872E0013023E /* MainInteractor.swift */,
			);
			path = UI;
			sourceTree = "<group>";
		};
/* End PBXGroup section */

/* Begin PBXNativeTarget section */
		215A255D2C9485EA0013023E /* WidgetsIntegration */ = {
			isa = PBXNativeTarget;
			buildConfigurationList = 215A256C2C9485EB0013023E /* Build configuration list for PBXNativeTarget "WidgetsIntegration" */;
			buildPhases = (
				215A255A2C9485EA0013023E /* Sources */,
				215A255B2C9485EA0013023E /* Frameworks */,
				215A255C2C9485EA0013023E /* Resources */,
			);
			buildRules = (
			);
			dependencies = (
			);
			name = WidgetsIntegration;
			packageProductDependencies = (
				215A25702C94861A0013023E /* GliaWidgets */,
				215A25722C94861A0013023E /* GliaWidgetsXcf */,
			);
			productName = WidgetsIntegration;
			productReference = 215A255E2C9485EA0013023E /* WidgetsIntegration.app */;
			productType = "com.apple.product-type.application";
		};
/* End PBXNativeTarget section */

/* Begin PBXProject section */
		215A25562C9485EA0013023E /* Project object */ = {
			isa = PBXProject;
			attributes = {
				BuildIndependentTargetsInParallel = 1;
				LastSwiftUpdateCheck = 1540;
				LastUpgradeCheck = 1540;
				TargetAttributes = {
					215A255D2C9485EA0013023E = {
						CreatedOnToolsVersion = 15.4;
					};
				};
			};
			buildConfigurationList = 215A25592C9485EA0013023E /* Build configuration list for PBXProject "WidgetsIntegration" */;
			compatibilityVersion = "Xcode 14.0";
			developmentRegion = en;
			hasScannedForEncodings = 0;
			knownRegions = (
				en,
				Base,
			);
			mainGroup = 215A25552C9485EA0013023E;
			packageReferences = (
				215A256F2C94861A0013023E /* XCRemoteSwiftPackageReference "ios-sdk-widgets" */,
			);
			productRefGroup = 215A255F2C9485EA0013023E /* Products */;
			projectDirPath = "";
			projectRoot = "";
			targets = (
				215A255D2C9485EA0013023E /* WidgetsIntegration */,
			);
		};
/* End PBXProject section */

/* Begin PBXResourcesBuildPhase section */
		215A255C2C9485EA0013023E /* Resources */ = {
			isa = PBXResourcesBuildPhase;
			buildActionMask = 2147483647;
			files = (
				215A25692C9485EB0013023E /* Preview Assets.xcassets in Resources */,
				215A25662C9485EB0013023E /* Assets.xcassets in Resources */,
			);
			runOnlyForDeploymentPostprocessing = 0;
		};
/* End PBXResourcesBuildPhase section */

/* Begin PBXSourcesBuildPhase section */
		215A255A2C9485EA0013023E /* Sources */ = {
			isa = PBXSourcesBuildPhase;
			buildActionMask = 2147483647;
			files = (
				215A25792C9982B20013023E /* EngagementsService.swift in Sources */,
				215A25862C9C12DE0013023E /* GliaCredentials.swift in Sources */,
				215A25842C9BFEC40013023E /* Color+Extension.swift in Sources */,
				215A25772C94875C0013023E /* AppDelegate.swift in Sources */,
				215A25642C9485EA0013023E /* MainView.swift in Sources */,
				215A25802C9AE7650013023E /* Credentials.swift in Sources */,
				215A25622C9485EA0013023E /* WidgetsIntegrationApp.swift in Sources */,
				215A25752C94872E0013023E /* MainInteractor.swift in Sources */,
				215A257E2C999BA20013023E /* AuthenticationService.swift in Sources */,
			);
			runOnlyForDeploymentPostprocessing = 0;
		};
/* End PBXSourcesBuildPhase section */

/* Begin XCBuildConfiguration section */
		215A256A2C9485EB0013023E /* Debug */ = {
			isa = XCBuildConfiguration;
			buildSettings = {
				ALWAYS_SEARCH_USER_PATHS = NO;
				ASSETCATALOG_COMPILER_GENERATE_SWIFT_ASSET_SYMBOL_EXTENSIONS = YES;
				CLANG_ANALYZER_NONNULL = YES;
				CLANG_ANALYZER_NUMBER_OBJECT_CONVERSION = YES_AGGRESSIVE;
				CLANG_CXX_LANGUAGE_STANDARD = "gnu++20";
				CLANG_ENABLE_MODULES = YES;
				CLANG_ENABLE_OBJC_ARC = YES;
				CLANG_ENABLE_OBJC_WEAK = YES;
				CLANG_WARN_BLOCK_CAPTURE_AUTORELEASING = YES;
				CLANG_WARN_BOOL_CONVERSION = YES;
				CLANG_WARN_COMMA = YES;
				CLANG_WARN_CONSTANT_CONVERSION = YES;
				CLANG_WARN_DEPRECATED_OBJC_IMPLEMENTATIONS = YES;
				CLANG_WARN_DIRECT_OBJC_ISA_USAGE = YES_ERROR;
				CLANG_WARN_DOCUMENTATION_COMMENTS = YES;
				CLANG_WARN_EMPTY_BODY = YES;
				CLANG_WARN_ENUM_CONVERSION = YES;
				CLANG_WARN_INFINITE_RECURSION = YES;
				CLANG_WARN_INT_CONVERSION = YES;
				CLANG_WARN_NON_LITERAL_NULL_CONVERSION = YES;
				CLANG_WARN_OBJC_IMPLICIT_RETAIN_SELF = YES;
				CLANG_WARN_OBJC_LITERAL_CONVERSION = YES;
				CLANG_WARN_OBJC_ROOT_CLASS = YES_ERROR;
				CLANG_WARN_QUOTED_INCLUDE_IN_FRAMEWORK_HEADER = YES;
				CLANG_WARN_RANGE_LOOP_ANALYSIS = YES;
				CLANG_WARN_STRICT_PROTOTYPES = YES;
				CLANG_WARN_SUSPICIOUS_MOVE = YES;
				CLANG_WARN_UNGUARDED_AVAILABILITY = YES_AGGRESSIVE;
				CLANG_WARN_UNREACHABLE_CODE = YES;
				CLANG_WARN__DUPLICATE_METHOD_MATCH = YES;
				COPY_PHASE_STRIP = NO;
				DEBUG_INFORMATION_FORMAT = dwarf;
				ENABLE_STRICT_OBJC_MSGSEND = YES;
				ENABLE_TESTABILITY = YES;
				ENABLE_USER_SCRIPT_SANDBOXING = YES;
				GCC_C_LANGUAGE_STANDARD = gnu17;
				GCC_DYNAMIC_NO_PIC = NO;
				GCC_NO_COMMON_BLOCKS = YES;
				GCC_OPTIMIZATION_LEVEL = 0;
				GCC_PREPROCESSOR_DEFINITIONS = (
					"DEBUG=1",
					"$(inherited)",
				);
				GCC_WARN_64_TO_32_BIT_CONVERSION = YES;
				GCC_WARN_ABOUT_RETURN_TYPE = YES_ERROR;
				GCC_WARN_UNDECLARED_SELECTOR = YES;
				GCC_WARN_UNINITIALIZED_AUTOS = YES_AGGRESSIVE;
				GCC_WARN_UNUSED_FUNCTION = YES;
				GCC_WARN_UNUSED_VARIABLE = YES;
				IPHONEOS_DEPLOYMENT_TARGET = 17.5;
				LOCALIZATION_PREFERS_STRING_CATALOGS = YES;
				MTL_ENABLE_DEBUG_INFO = INCLUDE_SOURCE;
				MTL_FAST_MATH = YES;
				ONLY_ACTIVE_ARCH = YES;
				SDKROOT = iphoneos;
				SWIFT_ACTIVE_COMPILATION_CONDITIONS = "DEBUG $(inherited)";
				SWIFT_OPTIMIZATION_LEVEL = "-Onone";
			};
			name = Debug;
		};
		215A256B2C9485EB0013023E /* Release */ = {
			isa = XCBuildConfiguration;
			buildSettings = {
				ALWAYS_SEARCH_USER_PATHS = NO;
				ASSETCATALOG_COMPILER_GENERATE_SWIFT_ASSET_SYMBOL_EXTENSIONS = YES;
				CLANG_ANALYZER_NONNULL = YES;
				CLANG_ANALYZER_NUMBER_OBJECT_CONVERSION = YES_AGGRESSIVE;
				CLANG_CXX_LANGUAGE_STANDARD = "gnu++20";
				CLANG_ENABLE_MODULES = YES;
				CLANG_ENABLE_OBJC_ARC = YES;
				CLANG_ENABLE_OBJC_WEAK = YES;
				CLANG_WARN_BLOCK_CAPTURE_AUTORELEASING = YES;
				CLANG_WARN_BOOL_CONVERSION = YES;
				CLANG_WARN_COMMA = YES;
				CLANG_WARN_CONSTANT_CONVERSION = YES;
				CLANG_WARN_DEPRECATED_OBJC_IMPLEMENTATIONS = YES;
				CLANG_WARN_DIRECT_OBJC_ISA_USAGE = YES_ERROR;
				CLANG_WARN_DOCUMENTATION_COMMENTS = YES;
				CLANG_WARN_EMPTY_BODY = YES;
				CLANG_WARN_ENUM_CONVERSION = YES;
				CLANG_WARN_INFINITE_RECURSION = YES;
				CLANG_WARN_INT_CONVERSION = YES;
				CLANG_WARN_NON_LITERAL_NULL_CONVERSION = YES;
				CLANG_WARN_OBJC_IMPLICIT_RETAIN_SELF = YES;
				CLANG_WARN_OBJC_LITERAL_CONVERSION = YES;
				CLANG_WARN_OBJC_ROOT_CLASS = YES_ERROR;
				CLANG_WARN_QUOTED_INCLUDE_IN_FRAMEWORK_HEADER = YES;
				CLANG_WARN_RANGE_LOOP_ANALYSIS = YES;
				CLANG_WARN_STRICT_PROTOTYPES = YES;
				CLANG_WARN_SUSPICIOUS_MOVE = YES;
				CLANG_WARN_UNGUARDED_AVAILABILITY = YES_AGGRESSIVE;
				CLANG_WARN_UNREACHABLE_CODE = YES;
				CLANG_WARN__DUPLICATE_METHOD_MATCH = YES;
				COPY_PHASE_STRIP = NO;
				DEBUG_INFORMATION_FORMAT = "dwarf-with-dsym";
				ENABLE_NS_ASSERTIONS = NO;
				ENABLE_STRICT_OBJC_MSGSEND = YES;
				ENABLE_USER_SCRIPT_SANDBOXING = YES;
				GCC_C_LANGUAGE_STANDARD = gnu17;
				GCC_NO_COMMON_BLOCKS = YES;
				GCC_WARN_64_TO_32_BIT_CONVERSION = YES;
				GCC_WARN_ABOUT_RETURN_TYPE = YES_ERROR;
				GCC_WARN_UNDECLARED_SELECTOR = YES;
				GCC_WARN_UNINITIALIZED_AUTOS = YES_AGGRESSIVE;
				GCC_WARN_UNUSED_FUNCTION = YES;
				GCC_WARN_UNUSED_VARIABLE = YES;
				IPHONEOS_DEPLOYMENT_TARGET = 17.5;
				LOCALIZATION_PREFERS_STRING_CATALOGS = YES;
				MTL_ENABLE_DEBUG_INFO = NO;
				MTL_FAST_MATH = YES;
				SDKROOT = iphoneos;
				SWIFT_COMPILATION_MODE = wholemodule;
				VALIDATE_PRODUCT = YES;
			};
			name = Release;
		};
		215A256D2C9485EB0013023E /* Debug */ = {
			isa = XCBuildConfiguration;
			buildSettings = {
				ASSETCATALOG_COMPILER_APPICON_NAME = AppIcon;
				ASSETCATALOG_COMPILER_GLOBAL_ACCENT_COLOR_NAME = AccentColor;
				CODE_SIGN_STYLE = Automatic;
				CURRENT_PROJECT_VERSION = 1;
				DEVELOPMENT_ASSET_PATHS = "\"WidgetsIntegration/Preview Content\"";
				DEVELOPMENT_TEAM = Z8YT8A2XZ2;
				ENABLE_PREVIEWS = YES;
				GENERATE_INFOPLIST_FILE = YES;
				INFOPLIST_KEY_NSCameraUsageDescription = "Camera Usage Description";
				INFOPLIST_KEY_NSMicrophoneUsageDescription = "Microphone Usage Description";
				INFOPLIST_KEY_NSPhotoLibraryAddUsageDescription = "Photo Library Additions Usage Description";
				INFOPLIST_KEY_UIApplicationSceneManifest_Generation = YES;
				INFOPLIST_KEY_UIApplicationSupportsIndirectInputEvents = YES;
				INFOPLIST_KEY_UILaunchScreen_Generation = YES;
				INFOPLIST_KEY_UISupportedInterfaceOrientations_iPad = "UIInterfaceOrientationPortrait UIInterfaceOrientationPortraitUpsideDown UIInterfaceOrientationLandscapeLeft UIInterfaceOrientationLandscapeRight";
				INFOPLIST_KEY_UISupportedInterfaceOrientations_iPhone = "UIInterfaceOrientationPortrait UIInterfaceOrientationLandscapeLeft UIInterfaceOrientationLandscapeRight";
				LD_RUNPATH_SEARCH_PATHS = (
					"$(inherited)",
					"@executable_path/Frameworks",
				);
				MARKETING_VERSION = 1.0;
				PRODUCT_BUNDLE_IDENTIFIER = com.yk.WidgetsIntegration;
				PRODUCT_NAME = "$(TARGET_NAME)";
				SWIFT_EMIT_LOC_STRINGS = YES;
				SWIFT_VERSION = 5.0;
				TARGETED_DEVICE_FAMILY = "1,2";
			};
			name = Debug;
		};
		215A256E2C9485EB0013023E /* Release */ = {
			isa = XCBuildConfiguration;
			buildSettings = {
				ASSETCATALOG_COMPILER_APPICON_NAME = AppIcon;
				ASSETCATALOG_COMPILER_GLOBAL_ACCENT_COLOR_NAME = AccentColor;
				CODE_SIGN_STYLE = Automatic;
				CURRENT_PROJECT_VERSION = 1;
				DEVELOPMENT_ASSET_PATHS = "\"WidgetsIntegration/Preview Content\"";
				DEVELOPMENT_TEAM = Z8YT8A2XZ2;
				ENABLE_PREVIEWS = YES;
				GENERATE_INFOPLIST_FILE = YES;
				INFOPLIST_KEY_NSCameraUsageDescription = "Camera Usage Description";
				INFOPLIST_KEY_NSMicrophoneUsageDescription = "Microphone Usage Description";
				INFOPLIST_KEY_NSPhotoLibraryAddUsageDescription = "Photo Library Additions Usage Description";
				INFOPLIST_KEY_UIApplicationSceneManifest_Generation = YES;
				INFOPLIST_KEY_UIApplicationSupportsIndirectInputEvents = YES;
				INFOPLIST_KEY_UILaunchScreen_Generation = YES;
				INFOPLIST_KEY_UISupportedInterfaceOrientations_iPad = "UIInterfaceOrientationPortrait UIInterfaceOrientationPortraitUpsideDown UIInterfaceOrientationLandscapeLeft UIInterfaceOrientationLandscapeRight";
				INFOPLIST_KEY_UISupportedInterfaceOrientations_iPhone = "UIInterfaceOrientationPortrait UIInterfaceOrientationLandscapeLeft UIInterfaceOrientationLandscapeRight";
				LD_RUNPATH_SEARCH_PATHS = (
					"$(inherited)",
					"@executable_path/Frameworks",
				);
				MARKETING_VERSION = 1.0;
				PRODUCT_BUNDLE_IDENTIFIER = com.yk.WidgetsIntegration;
				PRODUCT_NAME = "$(TARGET_NAME)";
				SWIFT_EMIT_LOC_STRINGS = YES;
				SWIFT_VERSION = 5.0;
				TARGETED_DEVICE_FAMILY = "1,2";
			};
			name = Release;
		};
/* End XCBuildConfiguration section */

/* Begin XCConfigurationList section */
		215A25592C9485EA0013023E /* Build configuration list for PBXProject "WidgetsIntegration" */ = {
			isa = XCConfigurationList;
			buildConfigurations = (
				215A256A2C9485EB0013023E /* Debug */,
				215A256B2C9485EB0013023E /* Release */,
			);
			defaultConfigurationIsVisible = 0;
			defaultConfigurationName = Release;
		};
		215A256C2C9485EB0013023E /* Build configuration list for PBXNativeTarget "WidgetsIntegration" */ = {
			isa = XCConfigurationList;
			buildConfigurations = (
				215A256D2C9485EB0013023E /* Debug */,
				215A256E2C9485EB0013023E /* Release */,
			);
			defaultConfigurationIsVisible = 0;
			defaultConfigurationName = Release;
		};
/* End XCConfigurationList section */

/* Begin XCRemoteSwiftPackageReference section */
		215A256F2C94861A0013023E /* XCRemoteSwiftPackageReference "ios-sdk-widgets" */ = {
			isa = XCRemoteSwiftPackageReference;
			repositoryURL = "https://github.com/salemove/ios-sdk-widgets";
			requirement = {
				kind = upToNextMajorVersion;
				minimumVersion = 2.7.1;
			};
		};
/* End XCRemoteSwiftPackageReference section */

/* Begin XCSwiftPackageProductDependency section */
		215A25702C94861A0013023E /* GliaWidgets */ = {
			isa = XCSwiftPackageProductDependency;
			package = 215A256F2C94861A0013023E /* XCRemoteSwiftPackageReference "ios-sdk-widgets" */;
			productName = GliaWidgets;
		};
		215A25722C94861A0013023E /* GliaWidgetsXcf */ = {
			isa = XCSwiftPackageProductDependency;
			package = 215A256F2C94861A0013023E /* XCRemoteSwiftPackageReference "ios-sdk-widgets" */;
			productName = GliaWidgetsXcf;
		};
/* End XCSwiftPackageProductDependency section */
	};
	rootObject = 215A25562C9485EA0013023E /* Project object */;
}
